# THIS IS AN AUTOGENERATED FILE. DO NOT EDIT THIS FILE DIRECTLY.
# yarn lockfile v1


"@algolia/cache-browser-local-storage@4.1.0":
  version "4.1.0"
  resolved "https://registry.yarnpkg.com/@algolia/cache-browser-local-storage/-/cache-browser-local-storage-4.1.0.tgz#c4f1bfc57ea562248072b35831e3c4b646cc3921"
  integrity sha512-r8BOgqZXVt+JPgP19PQNzZ+lYP+MP6eZKNQqfRYofFEx+K9oyfdtGCqmoWJsBUi3nNOzhbOcg2jfP2GJzJBZ5g==
  dependencies:
    "@algolia/cache-common" "4.1.0"

"@algolia/cache-common@4.1.0":
  version "4.1.0"
  resolved "https://registry.yarnpkg.com/@algolia/cache-common/-/cache-common-4.1.0.tgz#ab895f8049ff7064ca1bfea504a56f97fd5d4683"
  integrity sha512-ZvvK40bs1BWLErchleZL4ctHT2uH56uLMnpZPCuIk+H2PKddeiIQc/z2JDu2BHr68u513XIAAoQ+C+LgKNugmw==

"@algolia/cache-in-memory@4.1.0":
  version "4.1.0"
  resolved "https://registry.yarnpkg.com/@algolia/cache-in-memory/-/cache-in-memory-4.1.0.tgz#cb9b575df1ebe3befd198a50a444a7d181e50853"
  integrity sha512-2382OXYFDeoPLA5vP9KP58ad15ows24ML5/io/T1N0xsZ0eVXDkT52qgaJw/esUfEkWScZ2R8kpesUa+qEP+kw==
  dependencies:
    "@algolia/cache-common" "4.1.0"

"@algolia/client-account@4.1.0":
  version "4.1.0"
  resolved "https://registry.yarnpkg.com/@algolia/client-account/-/client-account-4.1.0.tgz#a31d26c22e6a56554ea4aa8552d153b1a1aa4363"
  integrity sha512-GFINlsxAHM/GEeDBjoTx8+J1ra9SINQCuXi2C9QSLFClPKug2lzApm8niJJGXckhyZ2aDLb7drJ1qJ8bTspApw==
  dependencies:
    "@algolia/client-common" "4.1.0"
    "@algolia/client-search" "4.1.0"
    "@algolia/transporter" "4.1.0"

"@algolia/client-analytics@4.1.0":
  version "4.1.0"
  resolved "https://registry.yarnpkg.com/@algolia/client-analytics/-/client-analytics-4.1.0.tgz#eb05ccb636351b2d6494b2affb6034b791236998"
  integrity sha512-JMyZ9vXGbTJWiO66fWEu9uJ7GSYfouUyaq8W/6esADPtBbelf+Nc0NRlicOwHHJGwiJvWdvELafxrhkR1+KR8A==
  dependencies:
    "@algolia/client-common" "4.1.0"
    "@algolia/client-search" "4.1.0"
    "@algolia/requester-common" "4.1.0"
    "@algolia/transporter" "4.1.0"

"@algolia/client-common@4.1.0":
  version "4.1.0"
  resolved "https://registry.yarnpkg.com/@algolia/client-common/-/client-common-4.1.0.tgz#cd3a71cef1e0d87476252cbee20b0da938f6221c"
  integrity sha512-fjSMKeG54vAyQAhf+uz039/birTiLun8nDuCNx4CUbzGl97M0g96Q8jpsiZa0cjSNgh0VakMzn2GnHbS55W9/Q==
  dependencies:
    "@algolia/requester-common" "4.1.0"
    "@algolia/transporter" "4.1.0"

"@algolia/client-recommendation@4.1.0":
  version "4.1.0"
  resolved "https://registry.yarnpkg.com/@algolia/client-recommendation/-/client-recommendation-4.1.0.tgz#a0a26de4a6dd902d7ca55cf381cce3a7280d5b49"
  integrity sha512-UEN/QgQwVtVH++yAs2uTuyZZQQ1p5Xs/7/FKT4Kh9/8NAyqDD49zuyq/giw8PRNhWc3C/9jiO7X4RKE8QrVWGw==
  dependencies:
    "@algolia/client-common" "4.1.0"
    "@algolia/requester-common" "4.1.0"
    "@algolia/transporter" "4.1.0"

"@algolia/client-search@4.1.0":
  version "4.1.0"
  resolved "https://registry.yarnpkg.com/@algolia/client-search/-/client-search-4.1.0.tgz#07cc422af997e409968d3b74142e984aa71ae38c"
  integrity sha512-bpCYMEXUdyiopEBSHHwnrRhNEwOLstIeb0Djz+/pVuTXEr3Xg3JUoAZ8xFsCVldcXaZQpbi1/T0y3ky6xUVzfw==
  dependencies:
    "@algolia/client-common" "4.1.0"
    "@algolia/requester-common" "4.1.0"
    "@algolia/transporter" "4.1.0"

"@algolia/logger-common@4.1.0":
  version "4.1.0"
  resolved "https://registry.yarnpkg.com/@algolia/logger-common/-/logger-common-4.1.0.tgz#05608dee38dfa35bfe37874683760140d471bfdc"
  integrity sha512-QrE4Srf1LB7ekLzl68bFqlTrv7Wk7+GpsaGfB4xFZ9Pfv89My9p7qTVqdLlA44hEFY3fZ9csJp1/PFVucgNB4w==

"@algolia/logger-console@4.1.0":
  version "4.1.0"
  resolved "https://registry.yarnpkg.com/@algolia/logger-console/-/logger-console-4.1.0.tgz#099ee86716aea4c976345417397ddfa1338a5acc"
  integrity sha512-sKELkiKIrj/tPRAdhOPNI0UxhK2uiIUXnGs/3ztAif6QX7vyE3lY19sj5pIVJctRvl8LW2UlzpBFGlcCDkho9Q==
  dependencies:
    "@algolia/logger-common" "4.1.0"

"@algolia/requester-browser-xhr@4.1.0":
  version "4.1.0"
  resolved "https://registry.yarnpkg.com/@algolia/requester-browser-xhr/-/requester-browser-xhr-4.1.0.tgz#a7ab63f184f3d0aa8e85ac73ce39c528271c6d9b"
  integrity sha512-bLMfIAkOLs1/vGA09yxU0N5+bE0fSSvEH2ySqVssfWLMP+KRAvby2Goxm8BgI9xLkOvLbhazfQ4Ov2448VvA1g==
  dependencies:
    "@algolia/requester-common" "4.1.0"

"@algolia/requester-common@4.1.0":
  version "4.1.0"
  resolved "https://registry.yarnpkg.com/@algolia/requester-common/-/requester-common-4.1.0.tgz#91907e9963e455b11862d1cca02fc1d1d961dbce"
  integrity sha512-Cy0ciOv5uIm6wF+uLc9DHhxgPJtYQuy1f//hwJcW5mlPX/prPgxWwLXzWyyA+Ca7uU3q+0Y3cIFvEWM5pDxMEg==

"@algolia/requester-node-http@4.1.0":
  version "4.1.0"
  resolved "https://registry.yarnpkg.com/@algolia/requester-node-http/-/requester-node-http-4.1.0.tgz#db0a224538691f6fab18ced27c548cf3b4017689"
  integrity sha512-tXp6Pjx9dFgM5ccW6YfEN6v2Zqq8uGwhS1pyq03/aRYRBK60LptjG5jo++vrOytrQDOnIjcZtQzBQch2GjCVmw==
  dependencies:
    "@algolia/requester-common" "4.1.0"

"@algolia/transporter@4.1.0":
  version "4.1.0"
  resolved "https://registry.yarnpkg.com/@algolia/transporter/-/transporter-4.1.0.tgz#18cb8837ca4079a23572a3b7dbefece71fb6fff3"
  integrity sha512-Z7PjHazSC+KFLDuCFOjvRNgLfh7XOE4tXi0a9O3gBRup4Sk3VQCfTw4ygCF3rRx6uYbq192efLu0nL1E9azxLA==
  dependencies:
    "@algolia/cache-common" "4.1.0"
    "@algolia/logger-common" "4.1.0"
    "@algolia/requester-common" "4.1.0"

"@trevoreyre/autocomplete-vue@^2.1.1":
  version "2.1.1"
  resolved "https://registry.yarnpkg.com/@trevoreyre/autocomplete-vue/-/autocomplete-vue-2.1.1.tgz#7e6d11da6d04b490444022f089d5e32ec4ab2619"
  integrity sha512-zeVzjRliM5Yv0oaBNPE3OX4U5K59jwo/OC62Qi6SE1Fd6mwO6q6MXVogmujrOrdalIqDHQo8pUvhTFL4Xr/Rfw==

algoliasearch@^4.1.0:
  version "4.1.0"
  resolved "https://registry.yarnpkg.com/algoliasearch/-/algoliasearch-4.1.0.tgz#d422ac0d115497021a6c96f4b9747dbaa63f164a"
  integrity sha512-0lzjvqQZkJYPuv7LyQauMIMCFFzJWfUf3m9KuHjmFubwbnTDa87KCMXKouMJ0kWXXt6nTLNt0+2YRREOWx2PHw==
  dependencies:
    "@algolia/cache-browser-local-storage" "4.1.0"
    "@algolia/cache-common" "4.1.0"
    "@algolia/cache-in-memory" "4.1.0"
    "@algolia/client-account" "4.1.0"
    "@algolia/client-analytics" "4.1.0"
    "@algolia/client-common" "4.1.0"
    "@algolia/client-recommendation" "4.1.0"
    "@algolia/client-search" "4.1.0"
    "@algolia/logger-common" "4.1.0"
    "@algolia/logger-console" "4.1.0"
    "@algolia/requester-browser-xhr" "4.1.0"
    "@algolia/requester-common" "4.1.0"
    "@algolia/requester-node-http" "4.1.0"
    "@algolia/transporter" "4.1.0"

bulma@^0.8.0:
  version "0.8.0"
  resolved "https://registry.yarnpkg.com/bulma/-/bulma-0.8.0.tgz#ac1606431703a4761b18a4a2d5cc1fa864a2aece"
  integrity sha512-nhf3rGyiZh/VM7FrSJ/5KeLlfaFkXz0nYcXriynfPH4vVpnxnqyEwaNGdNCVzHyyCA3cHgkQAMpdF/SFbFGZfA==

date-fns@^2.0.1:
  version "2.11.0"
  resolved "https://registry.yarnpkg.com/date-fns/-/date-fns-2.11.0.tgz#ec2b44977465b9dcb370021d5e6c019b19f36d06"
  integrity sha512-8P1cDi8ebZyDxUyUprBXwidoEtiQAawYPGvpfb+Dg0G6JrQ+VozwOmm91xYC0vAv1+0VmLehEPb+isg4BGUFfA==

date-format-parse@^0.2.5:
  version "0.2.5"
  resolved "https://registry.yarnpkg.com/date-format-parse/-/date-format-parse-0.2.5.tgz#6acd7672058e59cb34c85e0d82c04bceeac9d652"
  integrity sha512-PzvB3p9bTxrGQbz3ZlO/kxgXzKZhMo4l0OQfPqVYjuwixHRS9yHH6cUJI9JG2Hh6iUQgh17T7w95lzQ131dS/g==

debounce@^1.2.0:
  version "1.2.0"
  resolved "https://registry.yarnpkg.com/debounce/-/debounce-1.2.0.tgz#44a540abc0ea9943018dc0eaa95cce87f65cd131"
  integrity sha512-mYtLl1xfZLi1m4RtQYlZgJUNQjl4ZxVnHzIR8nLLgi4q1YT8o/WM+MK/f8yfcc9s5Ir5zRaPZyZU6xs1Syoocg==

vue2-datepicker@^3.4.1:
  version "3.4.1"
  resolved "https://registry.yarnpkg.com/vue2-datepicker/-/vue2-datepicker-3.4.1.tgz#1a7456b44da54bbc0f43f26d0c7948faa1825766"
  integrity sha512-gCPZAwIyPLeN1P3xDg/Oj/UyQTIqnoFFzXw+yfvmUDxL430u/rHq1/JqFSGISEhTvJJu0brgHHrop3A7VBW6rA==
  dependencies:
    date-fns "^2.0.1"
    date-format-parse "^0.2.5"
