# THIS IS AN AUTOGENERATED FILE. DO NOT EDIT THIS FILE DIRECTLY.
# yarn lockfile v1


"@trevoreyre/autocomplete-vue@^2.1.1":
  version "2.1.1"
  resolved "https://registry.yarnpkg.com/@trevoreyre/autocomplete-vue/-/autocomplete-vue-2.1.1.tgz#7e6d11da6d04b490444022f089d5e32ec4ab2619"
  integrity sha512-zeVzjRliM5Yv0oaBNPE3OX4U5K59jwo/OC62Qi6SE1Fd6mwO6q6MXVogmujrOrdalIqDHQo8pUvhTFL4Xr/Rfw==

bulma@^0.8.0:
  version "0.8.0"
  resolved "https://registry.yarnpkg.com/bulma/-/bulma-0.8.0.tgz#ac1606431703a4761b18a4a2d5cc1fa864a2aece"
  integrity sha512-nhf3rGyiZh/VM7FrSJ/5KeLlfaFkXz0nYcXriynfPH4vVpnxnqyEwaNGdNCVzHyyCA3cHgkQAMpdF/SFbFGZfA==

date-fns@^2.0.1, date-fns@^2.11.0:
  version "2.11.0"
  resolved "https://registry.yarnpkg.com/date-fns/-/date-fns-2.11.0.tgz#ec2b44977465b9dcb370021d5e6c019b19f36d06"
  integrity sha512-8P1cDi8ebZyDxUyUprBXwidoEtiQAawYPGvpfb+Dg0G6JrQ+VozwOmm91xYC0vAv1+0VmLehEPb+isg4BGUFfA==

date-format-parse@^0.2.5:
  version "0.2.5"
  resolved "https://registry.yarnpkg.com/date-format-parse/-/date-format-parse-0.2.5.tgz#6acd7672058e59cb34c85e0d82c04bceeac9d652"
  integrity sha512-PzvB3p9bTxrGQbz3ZlO/kxgXzKZhMo4l0OQfPqVYjuwixHRS9yHH6cUJI9JG2Hh6iUQgh17T7w95lzQ131dS/g==

debounce@^1.2.0:
  version "1.2.0"
  resolved "https://registry.yarnpkg.com/debounce/-/debounce-1.2.0.tgz#44a540abc0ea9943018dc0eaa95cce87f65cd131"
  integrity sha512-mYtLl1xfZLi1m4RtQYlZgJUNQjl4ZxVnHzIR8nLLgi4q1YT8o/WM+MK/f8yfcc9s5Ir5zRaPZyZU6xs1Syoocg==

lodash.get@^4.4.2:
  version "4.4.2"
  resolved "https://registry.yarnpkg.com/lodash.get/-/lodash.get-4.4.2.tgz#2d177f652fa31e939b4438d5341499dfa3825e99"
  integrity sha1-LRd/ZS+jHpObRDjVNBSZ36OCXpk=

lodash.sortby@^4.7.0:
  version "4.7.0"
  resolved "https://registry.yarnpkg.com/lodash.sortby/-/lodash.sortby-4.7.0.tgz#edd14c824e2cc9c1e0b0a1b42bb5210516a42438"
  integrity sha1-7dFMgk4sycHgsKG0K7UhBRakJDg=

vue2-datepicker@^3.4.1:
  version "3.4.1"
  resolved "https://registry.yarnpkg.com/vue2-datepicker/-/vue2-datepicker-3.4.1.tgz#1a7456b44da54bbc0f43f26d0c7948faa1825766"
  integrity sha512-gCPZAwIyPLeN1P3xDg/Oj/UyQTIqnoFFzXw+yfvmUDxL430u/rHq1/JqFSGISEhTvJJu0brgHHrop3A7VBW6rA==
  dependencies:
    date-fns "^2.0.1"
    date-format-parse "^0.2.5"

vue@^2.6.11:
  version "2.6.11"
  resolved "https://registry.yarnpkg.com/vue/-/vue-2.6.11.tgz#76594d877d4b12234406e84e35275c6d514125c5"
  integrity sha512-VfPwgcGABbGAue9+sfrD4PuwFar7gPb1yl1UK1MwXoQPAw0BKSqWfoYCT/ThFrdEVWoI51dBuyCoiNU9bZDZxQ==
